PODS:
  - PVOnboardKit (1.1.3):
    - TAPageControl
  - TAPageControl (0.2.0)

DEPENDENCIES:
  - PVOnboardKit (from `../`)

EXTERNAL SOURCES:
  PVOnboardKit:
    :path: ../

SPEC CHECKSUMS:
  PVOnboardKit: 2a7c9d75022990695fc2da1f20db769684e9453f
  TAPageControl: fd11d779bbb5c2464ca2f55dde9e288213ea8a9b

PODFILE CHECKSUM: 0af84ad2d2a04ab950cb2deba0c398c91a5fd07b

COCOAPODS: 1.3.1
