PODS:
  - PVOnboardKit (0.2.0):
    - TAPageControl
  - TAPageControl (0.2.0)

DEPENDENCIES:
  - PVOnboardKit (from `../../`)

EXTERNAL SOURCES:
  PVOnboardKit:
    :path: ../../

SPEC CHECKSUMS:
  PVOnboardKit: 6458385eb7987a44a6ec33f321d0c2171b7a4403
  TAPageControl: fd11d779bbb5c2464ca2f55dde9e288213ea8a9b

PODFILE CHECKSUM: ead91d0d8f4a649a310bede9a8e2c9b6a6eff456

COCOAPODS: 1.2.1
